
Microsoft Visual Studio Solution File, Format Version 12.00
# Visual Studio Version 17
VisualStudioVersion = 17.5.33627.172
MinimumVisualStudioVersion = 10.0.40219.1
Project("{9A19103F-16F7-4668-BE54-9A1E7A4F7556}") = "Api", "Api\Api.csproj", "{CCC829BD-12A5-48F6-B86C-71C46899937D}"
EndProject
Project("{9A19103F-16F7-4668-BE54-9A1E7A4F7556}") = "Application", "Application\Application.csproj", "{A32C8580-18C8-48AB-81E1-50A4AE7FCC66}"
EndProject
Project("{9A19103F-16F7-4668-BE54-9A1E7A4F7556}") = "Core", "Core\Core.csproj", "{21C0025E-33AD-4FB4-9AA1-E1705350D2D5}"
EndProject
Global
	GlobalSection(SolutionConfigurationPlatforms) = preSolution
		Debug|Any CPU = Debug|Any CPU
		Release|Any CPU = Release|Any CPU
	EndGlobalSection
	GlobalSection(ProjectConfigurationPlatforms) = postSolution
		{CCC829BD-12A5-48F6-B86C-71C46899937D}.Debug|Any CPU.ActiveCfg = Debug|Any CPU
		{CCC829BD-12A5-48F6-B86C-71C46899937D}.Debug|Any CPU.Build.0 = Debug|Any CPU
		{CCC829BD-12A5-48F6-B86C-71C46899937D}.Release|Any CPU.ActiveCfg = Release|Any CPU
		{CCC829BD-12A5-48F6-B86C-71C46899937D}.Release|Any CPU.Build.0 = Release|Any CPU
		{A32C8580-18C8-48AB-81E1-50A4AE7FCC66}.Debug|Any CPU.ActiveCfg = Debug|Any CPU
		{A32C8580-18C8-48AB-81E1-50A4AE7FCC66}.Debug|Any CPU.Build.0 = Debug|Any CPU
		{A32C8580-18C8-48AB-81E1-50A4AE7FCC66}.Release|Any CPU.ActiveCfg = Release|Any CPU
		{A32C8580-18C8-48AB-81E1-50A4AE7FCC66}.Release|Any CPU.Build.0 = Release|Any CPU
		{21C0025E-33AD-4FB4-9AA1-E1705350D2D5}.Debug|Any CPU.ActiveCfg = Debug|Any CPU
		{21C0025E-33AD-4FB4-9AA1-E1705350D2D5}.Debug|Any CPU.Build.0 = Debug|Any CPU
		{21C0025E-33AD-4FB4-9AA1-E1705350D2D5}.Release|Any CPU.ActiveCfg = Release|Any CPU
		{21C0025E-33AD-4FB4-9AA1-E1705350D2D5}.Release|Any CPU.Build.0 = Release|Any CPU
	EndGlobalSection
	GlobalSection(SolutionProperties) = preSolution
		HideSolutionNode = FALSE
	EndGlobalSection
	GlobalSection(ExtensibilityGlobals) = postSolution
		SolutionGuid = {B627139E-CD53-4AAC-A69E-B524F64FA7DC}
	EndGlobalSection
EndGlobal
